
Microsoft Visual Studio Solution File, Format Version 12.00
# Visual Studio Version 16
VisualStudioVersion = 16.0.30104.148
MinimumVisualStudioVersion = 10.0.40219.1
Project("{9A19103F-16F7-4668-BE54-9A1E7A4F7556}") = "Landorphan.Ioc.ServiceLocation", "source\Landorphan.Ioc.ServiceLocation\Landorphan.Ioc.ServiceLocation.csproj", "{EDDD5388-8B57-4F5C-B394-2C48A27CB736}"
EndProject
Project("{9A19103F-16F7-4668-BE54-9A1E7A4F7556}") = "Landorphan.Ioc.ServiceLocation.Tests", "test\Landorphan.Ioc.ServiceLocation.Tests\Landorphan.Ioc.ServiceLocation.Tests.csproj", "{89CDD180-5EF3-4A9F-AE8C-71FEB3BAFC8B}"
EndProject
Global
	GlobalSection(SolutionConfigurationPlatforms) = preSolution
		Debug|Any CPU = Debug|Any CPU
		Release|Any CPU = Release|Any CPU
	EndGlobalSection
	GlobalSection(ProjectConfigurationPlatforms) = postSolution
		{EDDD5388-8B57-4F5C-B394-2C48A27CB736}.Debug|Any CPU.ActiveCfg = Debug|Any CPU
		{EDDD5388-8B57-4F5C-B394-2C48A27CB736}.Debug|Any CPU.Build.0 = Debug|Any CPU
		{EDDD5388-8B57-4F5C-B394-2C48A27CB736}.Release|Any CPU.ActiveCfg = Release|Any CPU
		{EDDD5388-8B57-4F5C-B394-2C48A27CB736}.Release|Any CPU.Build.0 = Release|Any CPU
		{89CDD180-5EF3-4A9F-AE8C-71FEB3BAFC8B}.Debug|Any CPU.ActiveCfg = Debug|Any CPU
		{89CDD180-5EF3-4A9F-AE8C-71FEB3BAFC8B}.Debug|Any CPU.Build.0 = Debug|Any CPU
		{89CDD180-5EF3-4A9F-AE8C-71FEB3BAFC8B}.Release|Any CPU.ActiveCfg = Release|Any CPU
		{89CDD180-5EF3-4A9F-AE8C-71FEB3BAFC8B}.Release|Any CPU.Build.0 = Release|Any CPU
	EndGlobalSection
	GlobalSection(SolutionProperties) = preSolution
		HideSolutionNode = FALSE
	EndGlobalSection
	GlobalSection(ExtensibilityGlobals) = postSolution
		SolutionGuid = {3D7A10B5-2F3A-4084-B607-852B4FB0500D}
	EndGlobalSection
EndGlobal
