
Microsoft Visual Studio Solution File, Format Version 12.00
# Visual Studio 15
VisualStudioVersion = 15.0.28307.705
MinimumVisualStudioVersion = 10.0.40219.1
Project("{2150E333-8FDC-42A3-9474-1A3956D46DE8}") = "source", "source", "{65807C31-348B-4BC0-95E0-7D7F8938A547}"
EndProject
Project("{2150E333-8FDC-42A3-9474-1A3956D46DE8}") = "test", "test", "{F10433A2-DCDF-476B-98D2-F3D9939EB5A0}"
EndProject
Project("{2150E333-8FDC-42A3-9474-1A3956D46DE8}") = "build", "build", "{2B05C482-3783-4E78-B382-561792F5197B}"
	ProjectSection(SolutionItems) = preProject
		build\.gitignore = build\.gitignore
		build\CSharpBuild.psd1 = build\CSharpBuild.psd1
		build\CSharpBuild.psm1 = build\CSharpBuild.psm1
		build\LICENSE = build\LICENSE
	EndProjectSection
EndProject
Project("{2150E333-8FDC-42A3-9474-1A3956D46DE8}") = "BuildScripts", "BuildScripts", "{F4EC09B2-5F75-407D-AD71-4527BE778A49}"
	ProjectSection(SolutionItems) = preProject
		build\BuildScripts\Build-Clean.ps1 = build\BuildScripts\Build-Clean.ps1
		build\BuildScripts\Build-Debug.ps1 = build\BuildScripts\Build-Debug.ps1
		build\BuildScripts\Build-Release.ps1 = build\BuildScripts\Build-Release.ps1
		build\BuildScripts\README.md = build\BuildScripts\README.md
		build\BuildScripts\Test-Debug.ps1 = build\BuildScripts\Test-Debug.ps1
		build\BuildScripts\Test-Release.ps1 = build\BuildScripts\Test-Release.ps1
	EndProjectSection
EndProject
Project("{2150E333-8FDC-42A3-9474-1A3956D46DE8}") = "JetBrains", "JetBrains", "{982D60AF-AA0E-4BAF-A541-0BB9F80D385D}"
EndProject
Project("{2150E333-8FDC-42A3-9474-1A3956D46DE8}") = "Solution Items", "Solution Items", "{DF33A87D-5CD8-4335-A032-3D4638C23FE2}"
EndProject
Project("{9A19103F-16F7-4668-BE54-9A1E7A4F7556}") = "Landorphan.Ioc.ServiceLocation", "source\Landorphan.Ioc.ServiceLocation\Landorphan.Ioc.ServiceLocation.csproj", "{EDDD5388-8B57-4F5C-B394-2C48A27CB736}"
EndProject
Project("{9A19103F-16F7-4668-BE54-9A1E7A4F7556}") = "Landorphan.Ioc.ServiceLocation.Tests", "test\Landorphan.Ioc.ServiceLocation.Tests\Landorphan.Ioc.ServiceLocation.Tests.csproj", "{89CDD180-5EF3-4A9F-AE8C-71FEB3BAFC8B}"
EndProject
Project("{2150E333-8FDC-42A3-9474-1A3956D46DE8}") = "NuGet", "NuGet", "{40821690-4432-4990-A9A0-BBB16EB45438}"
	ProjectSection(SolutionItems) = preProject
		landorphan.abstractions.nuspec = landorphan.abstractions.nuspec
		build\NuGet\landorphan.ioc.servicelocation.nuspec = build\NuGet\landorphan.ioc.servicelocation.nuspec
		build\NuGet\landorphan.ioc.servicelocation.testability.nuspec = build\NuGet\landorphan.ioc.servicelocation.testability.nuspec
		build\NuGet\landorphan.testutilities.mstest.nuspec = build\NuGet\landorphan.testutilities.mstest.nuspec
	EndProjectSection
EndProject
Project("{2150E333-8FDC-42A3-9474-1A3956D46DE8}") = "help.projects", "help.projects", "{4EF5277F-5624-477A-9142-B2892EB32B15}"
	ProjectSection(SolutionItems) = preProject
		help.projects\BuildServe-HelpDocumentation.ps1 = help.projects\BuildServe-HelpDocumentation.ps1
		help.projects\HELP.README.md = help.projects\HELP.README.md
	EndProjectSection
EndProject
Project("{2150E333-8FDC-42A3-9474-1A3956D46DE8}") = "docfx_project", "docfx_project", "{CF16DA58-823A-46B1-89D7-83183BB98926}"
	ProjectSection(SolutionItems) = preProject
		help.projects\docfx_project\.gitignore = help.projects\docfx_project\.gitignore
		help.projects\docfx_project\docfx.json = help.projects\docfx_project\docfx.json
		help.projects\docfx_project\filterConfig.yml = help.projects\docfx_project\filterConfig.yml
		help.projects\docfx_project\index.md = help.projects\docfx_project\index.md
		help.projects\docfx_project\toc.yml = help.projects\docfx_project\toc.yml
	EndProjectSection
EndProject
Project("{2150E333-8FDC-42A3-9474-1A3956D46DE8}") = "CodeAnalysis", "CodeAnalysis", "{8323FDA5-2688-425B-8A30-7836EE3F2C08}"
	ProjectSection(SolutionItems) = preProject
		build\CodeAnalysis\All.NetFx.15.0.WithSonarLint.ruleset = build\CodeAnalysis\All.NetFx.15.0.WithSonarLint.ruleset
		build\CodeAnalysis\Copy-FxCopRuleset.ps1 = build\CodeAnalysis\Copy-FxCopRuleset.ps1
		build\CodeAnalysis\CustomDictionary.xml = build\CodeAnalysis\CustomDictionary.xml
		build\CodeAnalysis\Default.Source.NetCore.FxCop.15.0.WithSonarLint.ruleset = build\CodeAnalysis\Default.Source.NetCore.FxCop.15.0.WithSonarLint.ruleset
		build\CodeAnalysis\Default.Source.NetFx.FxCop.15.0.WithSonarLint.ruleset = build\CodeAnalysis\Default.Source.NetFx.FxCop.15.0.WithSonarLint.ruleset
		build\CodeAnalysis\Default.Source.NetStd.FxCop.15.0.WithSonarLint.ruleset = build\CodeAnalysis\Default.Source.NetStd.FxCop.15.0.WithSonarLint.ruleset
		build\CodeAnalysis\Default.Test.NetCore.FxCop.15.0.WithSonarLint.ruleset = build\CodeAnalysis\Default.Test.NetCore.FxCop.15.0.WithSonarLint.ruleset
		build\CodeAnalysis\Default.Test.NetFx.FxCop.15.0.WithSonarLint.ruleset = build\CodeAnalysis\Default.Test.NetFx.FxCop.15.0.WithSonarLint.ruleset
		build\CodeAnalysis\README.md = build\CodeAnalysis\README.md
	EndProjectSection
EndProject
Project("{2150E333-8FDC-42A3-9474-1A3956D46DE8}") = "Rider", "Rider", "{98D67DA8-2430-43D3-9844-636F2FDDF3AB}"
	ProjectSection(SolutionItems) = preProject
		build\JetBrains\Rider\JetBrains.Rider.Settings.FromLinux.zip = build\JetBrains\Rider\JetBrains.Rider.Settings.FromLinux.zip
		build\JetBrains\Rider\JetBrains.Rider.Settings.FromWindows.jar = build\JetBrains\Rider\JetBrains.Rider.Settings.FromWindows.jar
	EndProjectSection
EndProject
Project("{2150E333-8FDC-42A3-9474-1A3956D46DE8}") = "Layout", "Layout", "{0FE84CF8-C2C8-4E5B-8616-AAD19373D486}"
	ProjectSection(SolutionItems) = preProject
		build\JetBrains\Layout\ResharperLayout.Current.xml = build\JetBrains\Layout\ResharperLayout.Current.xml
		build\JetBrains\Layout\ResharperLayout.Editing.xml = build\JetBrains\Layout\ResharperLayout.Editing.xml
		build\JetBrains\Layout\ResharperLayoutFull.2018.1.4.WithoutRegions.xml = build\JetBrains\Layout\ResharperLayoutFull.2018.1.4.WithoutRegions.xml
		build\JetBrains\Layout\ResharperLayoutFull.2018.2.3.WithoutRegions.xml = build\JetBrains\Layout\ResharperLayoutFull.2018.2.3.WithoutRegions.xml
		build\JetBrains\Layout\ResharperLayoutFull.2018.3.2.WithoutRegions.xml = build\JetBrains\Layout\ResharperLayoutFull.2018.3.2.WithoutRegions.xml
		build\JetBrains\Layout\ResharperLayoutFull.2018.3.3.WithoutRegions.xml = build\JetBrains\Layout\ResharperLayoutFull.2018.3.3.WithoutRegions.xml
	EndProjectSection
EndProject
Project("{2150E333-8FDC-42A3-9474-1A3956D46DE8}") = "examples", "examples", "{63987B24-3E5E-4BE9-8827-7F6BEA9B4C75}"
EndProject
Global
	GlobalSection(SolutionConfigurationPlatforms) = preSolution
		Debug|Any CPU = Debug|Any CPU
		Release|Any CPU = Release|Any CPU
	EndGlobalSection
	GlobalSection(ProjectConfigurationPlatforms) = postSolution
		{EDDD5388-8B57-4F5C-B394-2C48A27CB736}.Debug|Any CPU.ActiveCfg = Debug|Any CPU
		{EDDD5388-8B57-4F5C-B394-2C48A27CB736}.Debug|Any CPU.Build.0 = Debug|Any CPU
		{EDDD5388-8B57-4F5C-B394-2C48A27CB736}.Release|Any CPU.ActiveCfg = Release|Any CPU
		{EDDD5388-8B57-4F5C-B394-2C48A27CB736}.Release|Any CPU.Build.0 = Release|Any CPU
		{89CDD180-5EF3-4A9F-AE8C-71FEB3BAFC8B}.Debug|Any CPU.ActiveCfg = Debug|Any CPU
		{89CDD180-5EF3-4A9F-AE8C-71FEB3BAFC8B}.Debug|Any CPU.Build.0 = Debug|Any CPU
		{89CDD180-5EF3-4A9F-AE8C-71FEB3BAFC8B}.Release|Any CPU.ActiveCfg = Release|Any CPU
		{89CDD180-5EF3-4A9F-AE8C-71FEB3BAFC8B}.Release|Any CPU.Build.0 = Release|Any CPU
	EndGlobalSection
	GlobalSection(SolutionProperties) = preSolution
		HideSolutionNode = FALSE
	EndGlobalSection
	GlobalSection(NestedProjects) = preSolution
		{F4EC09B2-5F75-407D-AD71-4527BE778A49} = {2B05C482-3783-4E78-B382-561792F5197B}
		{982D60AF-AA0E-4BAF-A541-0BB9F80D385D} = {2B05C482-3783-4E78-B382-561792F5197B}
		{EDDD5388-8B57-4F5C-B394-2C48A27CB736} = {65807C31-348B-4BC0-95E0-7D7F8938A547}
		{89CDD180-5EF3-4A9F-AE8C-71FEB3BAFC8B} = {F10433A2-DCDF-476B-98D2-F3D9939EB5A0}
		{40821690-4432-4990-A9A0-BBB16EB45438} = {2B05C482-3783-4E78-B382-561792F5197B}
		{CF16DA58-823A-46B1-89D7-83183BB98926} = {4EF5277F-5624-477A-9142-B2892EB32B15}
		{8323FDA5-2688-425B-8A30-7836EE3F2C08} = {2B05C482-3783-4E78-B382-561792F5197B}
		{98D67DA8-2430-43D3-9844-636F2FDDF3AB} = {982D60AF-AA0E-4BAF-A541-0BB9F80D385D}
		{0FE84CF8-C2C8-4E5B-8616-AAD19373D486} = {982D60AF-AA0E-4BAF-A541-0BB9F80D385D}
	EndGlobalSection
	GlobalSection(ExtensibilityGlobals) = postSolution
		SolutionGuid = {3D7A10B5-2F3A-4084-B607-852B4FB0500D}
	EndGlobalSection
EndGlobal
