
Microsoft Visual Studio Solution File, Format Version 12.00
# Visual Studio 15
VisualStudioVersion = 15.0.28307.168
MinimumVisualStudioVersion = 10.0.40219.1
Project("{2150E333-8FDC-42A3-9474-1A3956D46DE8}") = "source", "source", "{65807C31-348B-4BC0-95E0-7D7F8938A547}"
EndProject
Project("{2150E333-8FDC-42A3-9474-1A3956D46DE8}") = "test", "test", "{F10433A2-DCDF-476B-98D2-F3D9939EB5A0}"
EndProject
Project("{2150E333-8FDC-42A3-9474-1A3956D46DE8}") = "build", "build", "{2B05C482-3783-4E78-B382-561792F5197B}"
EndProject
Project("{2150E333-8FDC-42A3-9474-1A3956D46DE8}") = "BuildFiles", "BuildFiles", "{F4EC09B2-5F75-407D-AD71-4527BE778A49}"
	ProjectSection(SolutionItems) = preProject
		build\BuildFiles\All.NetFx.15.0.WithSonarLint.ruleset = build\BuildFiles\All.NetFx.15.0.WithSonarLint.ruleset
		build\BuildFiles\CustomDictionary.xml = build\BuildFiles\CustomDictionary.xml
		build\BuildFiles\Default.Production.NetCore.FxCop.15.0.WithSonarLint.ruleset = build\BuildFiles\Default.Production.NetCore.FxCop.15.0.WithSonarLint.ruleset
		build\BuildFiles\Default.Production.NetFx.FxCop.15.0.WithSonarLint.ruleset = build\BuildFiles\Default.Production.NetFx.FxCop.15.0.WithSonarLint.ruleset
		build\BuildFiles\Default.Production.NetStd.FxCop.15.0.WithSonarLint.ruleset = build\BuildFiles\Default.Production.NetStd.FxCop.15.0.WithSonarLint.ruleset
		build\BuildFiles\Default.Test.NetCore.FxCop.15.0.WithSonarLint.ruleset = build\BuildFiles\Default.Test.NetCore.FxCop.15.0.WithSonarLint.ruleset
		build\BuildFiles\Default.Test.NetFx.FxCop.15.0.WithSonarLint.ruleset = build\BuildFiles\Default.Test.NetFx.FxCop.15.0.WithSonarLint.ruleset
		build\BuildFiles\No Standard Test Ruleset File.txt = build\BuildFiles\No Standard Test Ruleset File.txt
	EndProjectSection
EndProject
Project("{2150E333-8FDC-42A3-9474-1A3956D46DE8}") = "ResharperLayout", "ResharperLayout", "{982D60AF-AA0E-4BAF-A541-0BB9F80D385D}"
	ProjectSection(SolutionItems) = preProject
		build\ResharperLayout\ResharperLayout.Current.xml = build\ResharperLayout\ResharperLayout.Current.xml
		build\ResharperLayout\ResharperLayout.Editing.xml = build\ResharperLayout\ResharperLayout.Editing.xml
		build\ResharperLayout\ResharperLayout_1_NonReorderableTypes.xml = build\ResharperLayout\ResharperLayout_1_NonReorderableTypes.xml
		build\ResharperLayout\ResharperLayout_2_SpecFlow.xml = build\ResharperLayout\ResharperLayout_2_SpecFlow.xml
		build\ResharperLayout\ResharperLayout_3_MSTestBDD.xml = build\ResharperLayout\ResharperLayout_3_MSTestBDD.xml
		build\ResharperLayout\ResharperLayout_9999_Default.xml = build\ResharperLayout\ResharperLayout_9999_Default.xml
		build\ResharperLayout\ResharperLayoutCSharp.xml = build\ResharperLayout\ResharperLayoutCSharp.xml
		build\ResharperLayout\ResharperLayoutFull.2018.1.4.WithoutRegions.xml = build\ResharperLayout\ResharperLayoutFull.2018.1.4.WithoutRegions.xml
		build\ResharperLayout\ResharperLayoutFull.2018.2.3.WithoutRegions.xml = build\ResharperLayout\ResharperLayoutFull.2018.2.3.WithoutRegions.xml
	EndProjectSection
EndProject
Project("{2150E333-8FDC-42A3-9474-1A3956D46DE8}") = "Solution Items", "Solution Items", "{DF33A87D-5CD8-4335-A032-3D4638C23FE2}"
	ProjectSection(SolutionItems) = preProject
		.gitignore = .gitignore
		LICENSE = LICENSE
		PokerPro.Std.sln.Readme.md = PokerPro.Std.sln.Readme.md
		README.md = README.md
		TODO.md = TODO.md
	EndProjectSection
EndProject
Project("{9A19103F-16F7-4668-BE54-9A1E7A4F7556}") = "Landorphan.Ioc.Tests", "test\Landorphan.Ioc.Tests\Landorphan.Ioc.Tests.csproj", "{0FB0E6A6-38EB-4A33-A2E7-D915B50E5610}"
EndProject
Project("{2150E333-8FDC-42A3-9474-1A3956D46DE8}") = "help", "help", "{E3AF39DD-6C0E-4734-9C7A-CB20816F0C7A}"
EndProject
Project("{2150E333-8FDC-42A3-9474-1A3956D46DE8}") = "help", "help", "{9B49852E-D4AE-4BA8-97A5-D8DF37D549CB}"
	ProjectSection(SolutionItems) = preProject
		build\Help\InstallingHelpAndTools.MD = build\Help\InstallingHelpAndTools.MD
	EndProjectSection
EndProject
Project("{2150E333-8FDC-42A3-9474-1A3956D46DE8}") = "Landorphan", "Landorphan", "{DB9B0C1C-FD43-4974-83BE-7CA822F6B561}"
	ProjectSection(SolutionItems) = preProject
		help\Landorphan.Common.Help\Landorphan.Common.Doxyfile = help\Landorphan.Common.Help\Landorphan.Common.Doxyfile
	EndProjectSection
EndProject
Project("{FAE04EC0-301F-11D3-BF4B-00C04F79EFBC}") = "Ioc.Collections.Performance.Tests", "test\Ioc.Collections.Performance.Tests\Ioc.Collections.Performance.Tests.csproj", "{2BE5337F-5730-4881-9163-C187E951C613}"
EndProject
Project("{9A19103F-16F7-4668-BE54-9A1E7A4F7556}") = "Landorphan.TestUtilities.MSTest", "source\Landorphan.TestUtilities.MSTest\Landorphan.TestUtilities.MSTest.csproj", "{E8804758-8C90-4E0A-8ACA-4259482D12C3}"
EndProject
Project("{9A19103F-16F7-4668-BE54-9A1E7A4F7556}") = "Landorphan.TestUtilities.MSTest.Tests", "test\Landorphan.TestUtilities.MSTest.Tests\Landorphan.TestUtilities.MSTest.Tests.csproj", "{3D70AC02-1584-4F89-9FE5-A01A06263E09}"
EndProject
Project("{9A19103F-16F7-4668-BE54-9A1E7A4F7556}") = "Landorphan.Ioc.ServiceLocation", "source\Landorphan.Ioc.ServiceLocation\Landorphan.Ioc.ServiceLocation.csproj", "{2D181FE3-769F-4813-B4BB-E679469B97A1}"
EndProject
Project("{9A19103F-16F7-4668-BE54-9A1E7A4F7556}") = "Landorphan.Ioc.ServiceLocation.Testability", "source\Landorphan.Ioc.ServiceLocation.Testability\Landorphan.Ioc.ServiceLocation.Testability.csproj", "{30D86C77-7159-468C-B634-947E14C19B82}"
EndProject
Global
	GlobalSection(SolutionConfigurationPlatforms) = preSolution
		Debug|Any CPU = Debug|Any CPU
		Release|Any CPU = Release|Any CPU
	EndGlobalSection
	GlobalSection(ProjectConfigurationPlatforms) = postSolution
		{0FB0E6A6-38EB-4A33-A2E7-D915B50E5610}.Debug|Any CPU.ActiveCfg = Debug|Any CPU
		{0FB0E6A6-38EB-4A33-A2E7-D915B50E5610}.Debug|Any CPU.Build.0 = Debug|Any CPU
		{0FB0E6A6-38EB-4A33-A2E7-D915B50E5610}.Release|Any CPU.ActiveCfg = Release|Any CPU
		{0FB0E6A6-38EB-4A33-A2E7-D915B50E5610}.Release|Any CPU.Build.0 = Release|Any CPU
		{2BE5337F-5730-4881-9163-C187E951C613}.Debug|Any CPU.ActiveCfg = Debug|Any CPU
		{2BE5337F-5730-4881-9163-C187E951C613}.Debug|Any CPU.Build.0 = Debug|Any CPU
		{2BE5337F-5730-4881-9163-C187E951C613}.Release|Any CPU.ActiveCfg = Release|Any CPU
		{2BE5337F-5730-4881-9163-C187E951C613}.Release|Any CPU.Build.0 = Release|Any CPU
		{E8804758-8C90-4E0A-8ACA-4259482D12C3}.Debug|Any CPU.ActiveCfg = Debug|Any CPU
		{E8804758-8C90-4E0A-8ACA-4259482D12C3}.Debug|Any CPU.Build.0 = Debug|Any CPU
		{E8804758-8C90-4E0A-8ACA-4259482D12C3}.Release|Any CPU.ActiveCfg = Release|Any CPU
		{E8804758-8C90-4E0A-8ACA-4259482D12C3}.Release|Any CPU.Build.0 = Release|Any CPU
		{3D70AC02-1584-4F89-9FE5-A01A06263E09}.Debug|Any CPU.ActiveCfg = Debug|Any CPU
		{3D70AC02-1584-4F89-9FE5-A01A06263E09}.Debug|Any CPU.Build.0 = Debug|Any CPU
		{3D70AC02-1584-4F89-9FE5-A01A06263E09}.Release|Any CPU.ActiveCfg = Release|Any CPU
		{3D70AC02-1584-4F89-9FE5-A01A06263E09}.Release|Any CPU.Build.0 = Release|Any CPU
		{2D181FE3-769F-4813-B4BB-E679469B97A1}.Debug|Any CPU.ActiveCfg = Debug|Any CPU
		{2D181FE3-769F-4813-B4BB-E679469B97A1}.Debug|Any CPU.Build.0 = Debug|Any CPU
		{2D181FE3-769F-4813-B4BB-E679469B97A1}.Release|Any CPU.ActiveCfg = Release|Any CPU
		{2D181FE3-769F-4813-B4BB-E679469B97A1}.Release|Any CPU.Build.0 = Release|Any CPU
		{30D86C77-7159-468C-B634-947E14C19B82}.Debug|Any CPU.ActiveCfg = Debug|Any CPU
		{30D86C77-7159-468C-B634-947E14C19B82}.Debug|Any CPU.Build.0 = Debug|Any CPU
		{30D86C77-7159-468C-B634-947E14C19B82}.Release|Any CPU.ActiveCfg = Release|Any CPU
		{30D86C77-7159-468C-B634-947E14C19B82}.Release|Any CPU.Build.0 = Release|Any CPU
	EndGlobalSection
	GlobalSection(SolutionProperties) = preSolution
		HideSolutionNode = FALSE
	EndGlobalSection
	GlobalSection(NestedProjects) = preSolution
		{F4EC09B2-5F75-407D-AD71-4527BE778A49} = {2B05C482-3783-4E78-B382-561792F5197B}
		{982D60AF-AA0E-4BAF-A541-0BB9F80D385D} = {2B05C482-3783-4E78-B382-561792F5197B}
		{0FB0E6A6-38EB-4A33-A2E7-D915B50E5610} = {F10433A2-DCDF-476B-98D2-F3D9939EB5A0}
		{9B49852E-D4AE-4BA8-97A5-D8DF37D549CB} = {2B05C482-3783-4E78-B382-561792F5197B}
		{DB9B0C1C-FD43-4974-83BE-7CA822F6B561} = {E3AF39DD-6C0E-4734-9C7A-CB20816F0C7A}
		{2BE5337F-5730-4881-9163-C187E951C613} = {F10433A2-DCDF-476B-98D2-F3D9939EB5A0}
		{E8804758-8C90-4E0A-8ACA-4259482D12C3} = {65807C31-348B-4BC0-95E0-7D7F8938A547}
		{3D70AC02-1584-4F89-9FE5-A01A06263E09} = {F10433A2-DCDF-476B-98D2-F3D9939EB5A0}
		{2D181FE3-769F-4813-B4BB-E679469B97A1} = {65807C31-348B-4BC0-95E0-7D7F8938A547}
		{30D86C77-7159-468C-B634-947E14C19B82} = {65807C31-348B-4BC0-95E0-7D7F8938A547}
	EndGlobalSection
	GlobalSection(ExtensibilityGlobals) = postSolution
		SolutionGuid = {3D7A10B5-2F3A-4084-B607-852B4FB0500D}
	EndGlobalSection
EndGlobal
