
Microsoft Visual Studio Solution File, Format Version 12.00
# Visual Studio 15
VisualStudioVersion = 15.0.28307.168
MinimumVisualStudioVersion = 10.0.40219.1
Project("{2150E333-8FDC-42A3-9474-1A3956D46DE8}") = "source", "source", "{65807C31-348B-4BC0-95E0-7D7F8938A547}"
EndProject
Project("{2150E333-8FDC-42A3-9474-1A3956D46DE8}") = "test", "test", "{F10433A2-DCDF-476B-98D2-F3D9939EB5A0}"
EndProject
Project("{2150E333-8FDC-42A3-9474-1A3956D46DE8}") = "build", "build", "{2B05C482-3783-4E78-B382-561792F5197B}"
EndProject
Project("{2150E333-8FDC-42A3-9474-1A3956D46DE8}") = "BuildFiles", "BuildFiles", "{F4EC09B2-5F75-407D-AD71-4527BE778A49}"
	ProjectSection(SolutionItems) = preProject
		build\BuildFiles\All.NetFx.FxCopy.15.0.WithSonarLint.ruleset = build\BuildFiles\All.NetFx.FxCopy.15.0.WithSonarLint.ruleset
		build\BuildFiles\CustomDictionary.xml = build\BuildFiles\CustomDictionary.xml
		build\BuildFiles\Default.Production.NetCore.FxCop.15.0.WithSonarLint.ruleset = build\BuildFiles\Default.Production.NetCore.FxCop.15.0.WithSonarLint.ruleset
		build\BuildFiles\Default.Production.NetFx.FxCop.15.0.WithSonarLint.ruleset = build\BuildFiles\Default.Production.NetFx.FxCop.15.0.WithSonarLint.ruleset
		build\BuildFiles\Default.Production.Standard.FxCop.15.0.WithSonarLint.ruleset = build\BuildFiles\Default.Production.Standard.FxCop.15.0.WithSonarLint.ruleset
		build\BuildFiles\Default.Test.NetCore.FxCop.15.0.WithSonarLint.ruleset = build\BuildFiles\Default.Test.NetCore.FxCop.15.0.WithSonarLint.ruleset
		build\BuildFiles\Default.Test.NetFx.FxCop.15.0.WithSonarLint.ruleset = build\BuildFiles\Default.Test.NetFx.FxCop.15.0.WithSonarLint.ruleset
		build\BuildFiles\No Standard Test Ruleset File.txt = build\BuildFiles\No Standard Test Ruleset File.txt
	EndProjectSection
EndProject
Project("{2150E333-8FDC-42A3-9474-1A3956D46DE8}") = "ResharperLayout", "ResharperLayout", "{982D60AF-AA0E-4BAF-A541-0BB9F80D385D}"
	ProjectSection(SolutionItems) = preProject
		build\ResharperLayout\ResharperLayout.Current.xml = build\ResharperLayout\ResharperLayout.Current.xml
		build\ResharperLayout\ResharperLayout.Editing.xml = build\ResharperLayout\ResharperLayout.Editing.xml
		build\ResharperLayout\ResharperLayout_1_NonReorderableTypes.xml = build\ResharperLayout\ResharperLayout_1_NonReorderableTypes.xml
		build\ResharperLayout\ResharperLayout_2_SpecFlow.xml = build\ResharperLayout\ResharperLayout_2_SpecFlow.xml
		build\ResharperLayout\ResharperLayout_3_MSTestBDD.xml = build\ResharperLayout\ResharperLayout_3_MSTestBDD.xml
		build\ResharperLayout\ResharperLayout_9999_Default.xml = build\ResharperLayout\ResharperLayout_9999_Default.xml
		build\ResharperLayout\ResharperLayoutCSharp.xml = build\ResharperLayout\ResharperLayoutCSharp.xml
		build\ResharperLayout\ResharperLayoutFull.2018.1.4.WithoutRegions.xml = build\ResharperLayout\ResharperLayoutFull.2018.1.4.WithoutRegions.xml
		build\ResharperLayout\ResharperLayoutFull.2018.2.3.WithoutRegions.xml = build\ResharperLayout\ResharperLayoutFull.2018.2.3.WithoutRegions.xml
	EndProjectSection
EndProject
Project("{2150E333-8FDC-42A3-9474-1A3956D46DE8}") = "Solution Items", "Solution Items", "{DF33A87D-5CD8-4335-A032-3D4638C23FE2}"
	ProjectSection(SolutionItems) = preProject
		.gitignore = .gitignore
		LICENSE = LICENSE
		PokerPro.Std.sln.Readme.md = PokerPro.Std.sln.Readme.md
		README.md = README.md
		TODO.md = TODO.md
	EndProjectSection
EndProject
Project("{2150E333-8FDC-42A3-9474-1A3956D46DE8}") = "Landorphan", "Landorphan", "{478C66DB-E3AE-4F51-902A-F6FD85B1451C}"
EndProject
Project("{2150E333-8FDC-42A3-9474-1A3956D46DE8}") = "utilities", "utilities", "{C450B6BA-0F4A-4740-A87B-DB0D9A7B7AFE}"
EndProject
Project("{2150E333-8FDC-42A3-9474-1A3956D46DE8}") = "test", "test", "{E41656BF-9C7B-4244-AFCD-933C8F157D8B}"
EndProject
Project("{2150E333-8FDC-42A3-9474-1A3956D46DE8}") = "Landorphan", "Landorphan", "{4CE1F226-F1FD-4C62-B936-260E822CF5BA}"
EndProject
Project("{9A19103F-16F7-4668-BE54-9A1E7A4F7556}") = "Landorphan.Common", "source\Landorphan.Common\Landorphan.Common.csproj", "{FE5437AB-EDC3-4CEB-A337-BF87A5A27A5E}"
EndProject
Project("{9A19103F-16F7-4668-BE54-9A1E7A4F7556}") = "Landorphan.Ioc", "source\Landorphan.Ioc\Landorphan.Ioc.csproj", "{D5C74292-045C-401D-AC97-A04E2B565E57}"
EndProject
Project("{FAE04EC0-301F-11D3-BF4B-00C04F79EFBC}") = "Landorphan.TestUtilities.NoIoc", "test\Landorphan.TestUtilities.NoIoc\Landorphan.TestUtilities.NoIoc.csproj", "{86F6B3D5-3D6D-4BDC-A45D-CAE58458722C}"
EndProject
Project("{FAE04EC0-301F-11D3-BF4B-00C04F79EFBC}") = "Landorphan.TestUtilities.WithIoc", "test\Landorphan.TestUtilities.WithIoc\Landorphan.TestUtilities.WithIoc.csproj", "{E8804758-8C90-4E0A-8ACA-4259482D12C3}"
EndProject
Project("{FAE04EC0-301F-11D3-BF4B-00C04F79EFBC}") = "Landorphan.TestUtilities.NoIoc.Tests", "test\Landorphan.TestUtilities.NoIoc.Tests\Landorphan.TestUtilities.NoIoc.Tests.csproj", "{144E8D0F-44C6-48AB-89BF-F1B41CD37F6F}"
EndProject
Project("{FAE04EC0-301F-11D3-BF4B-00C04F79EFBC}") = "Landorphan.TestUtilities.WithIoc.Tests", "test\Landorphan.TestUtilities.WithIoc.Tests\Landorphan.TestUtilities.WithIoc.Tests.csproj", "{E3345E5C-0E1D-4887-8BF3-B8392FCCB394}"
EndProject
Project("{FAE04EC0-301F-11D3-BF4B-00C04F79EFBC}") = "Landorphan.Common.Tests", "test\Landorphan.Common.Tests\Landorphan.Common.Tests.csproj", "{B8A9CD3C-B9DB-4A95-BC63-D12A999966A2}"
EndProject
Project("{FAE04EC0-301F-11D3-BF4B-00C04F79EFBC}") = "Landorphan.Ioc.Tests", "test\Landorphan.Ioc.Tests\Landorphan.Ioc.Tests.csproj", "{0FB0E6A6-38EB-4A33-A2E7-D915B50E5610}"
EndProject
Project("{2150E333-8FDC-42A3-9474-1A3956D46DE8}") = "help", "help", "{E3AF39DD-6C0E-4734-9C7A-CB20816F0C7A}"
EndProject
Project("{2150E333-8FDC-42A3-9474-1A3956D46DE8}") = "help", "help", "{9B49852E-D4AE-4BA8-97A5-D8DF37D549CB}"
	ProjectSection(SolutionItems) = preProject
		build\Help\InstallingHelpAndTools.MD = build\Help\InstallingHelpAndTools.MD
	EndProjectSection
EndProject
Project("{2150E333-8FDC-42A3-9474-1A3956D46DE8}") = "Landorphan", "Landorphan", "{DB9B0C1C-FD43-4974-83BE-7CA822F6B561}"
	ProjectSection(SolutionItems) = preProject
		help\Landorphan.Common.Help\Landorphan.Common.Doxyfile = help\Landorphan.Common.Help\Landorphan.Common.Doxyfile
	EndProjectSection
EndProject
Global
	GlobalSection(SolutionConfigurationPlatforms) = preSolution
		Debug|Any CPU = Debug|Any CPU
		Release|Any CPU = Release|Any CPU
	EndGlobalSection
	GlobalSection(ProjectConfigurationPlatforms) = postSolution
		{FE5437AB-EDC3-4CEB-A337-BF87A5A27A5E}.Debug|Any CPU.ActiveCfg = Debug|Any CPU
		{FE5437AB-EDC3-4CEB-A337-BF87A5A27A5E}.Debug|Any CPU.Build.0 = Debug|Any CPU
		{FE5437AB-EDC3-4CEB-A337-BF87A5A27A5E}.Release|Any CPU.ActiveCfg = Release|Any CPU
		{FE5437AB-EDC3-4CEB-A337-BF87A5A27A5E}.Release|Any CPU.Build.0 = Release|Any CPU
		{D5C74292-045C-401D-AC97-A04E2B565E57}.Debug|Any CPU.ActiveCfg = Debug|Any CPU
		{D5C74292-045C-401D-AC97-A04E2B565E57}.Debug|Any CPU.Build.0 = Debug|Any CPU
		{D5C74292-045C-401D-AC97-A04E2B565E57}.Release|Any CPU.ActiveCfg = Release|Any CPU
		{D5C74292-045C-401D-AC97-A04E2B565E57}.Release|Any CPU.Build.0 = Release|Any CPU
		{86F6B3D5-3D6D-4BDC-A45D-CAE58458722C}.Debug|Any CPU.ActiveCfg = Debug|Any CPU
		{86F6B3D5-3D6D-4BDC-A45D-CAE58458722C}.Debug|Any CPU.Build.0 = Debug|Any CPU
		{86F6B3D5-3D6D-4BDC-A45D-CAE58458722C}.Release|Any CPU.ActiveCfg = Release|Any CPU
		{86F6B3D5-3D6D-4BDC-A45D-CAE58458722C}.Release|Any CPU.Build.0 = Release|Any CPU
		{E8804758-8C90-4E0A-8ACA-4259482D12C3}.Debug|Any CPU.ActiveCfg = Debug|Any CPU
		{E8804758-8C90-4E0A-8ACA-4259482D12C3}.Debug|Any CPU.Build.0 = Debug|Any CPU
		{E8804758-8C90-4E0A-8ACA-4259482D12C3}.Release|Any CPU.ActiveCfg = Release|Any CPU
		{E8804758-8C90-4E0A-8ACA-4259482D12C3}.Release|Any CPU.Build.0 = Release|Any CPU
		{144E8D0F-44C6-48AB-89BF-F1B41CD37F6F}.Debug|Any CPU.ActiveCfg = Debug|Any CPU
		{144E8D0F-44C6-48AB-89BF-F1B41CD37F6F}.Debug|Any CPU.Build.0 = Debug|Any CPU
		{144E8D0F-44C6-48AB-89BF-F1B41CD37F6F}.Release|Any CPU.ActiveCfg = Release|Any CPU
		{144E8D0F-44C6-48AB-89BF-F1B41CD37F6F}.Release|Any CPU.Build.0 = Release|Any CPU
		{E3345E5C-0E1D-4887-8BF3-B8392FCCB394}.Debug|Any CPU.ActiveCfg = Debug|Any CPU
		{E3345E5C-0E1D-4887-8BF3-B8392FCCB394}.Debug|Any CPU.Build.0 = Debug|Any CPU
		{E3345E5C-0E1D-4887-8BF3-B8392FCCB394}.Release|Any CPU.ActiveCfg = Release|Any CPU
		{E3345E5C-0E1D-4887-8BF3-B8392FCCB394}.Release|Any CPU.Build.0 = Release|Any CPU
		{B8A9CD3C-B9DB-4A95-BC63-D12A999966A2}.Debug|Any CPU.ActiveCfg = Debug|Any CPU
		{B8A9CD3C-B9DB-4A95-BC63-D12A999966A2}.Debug|Any CPU.Build.0 = Debug|Any CPU
		{B8A9CD3C-B9DB-4A95-BC63-D12A999966A2}.Release|Any CPU.ActiveCfg = Release|Any CPU
		{B8A9CD3C-B9DB-4A95-BC63-D12A999966A2}.Release|Any CPU.Build.0 = Release|Any CPU
		{0FB0E6A6-38EB-4A33-A2E7-D915B50E5610}.Debug|Any CPU.ActiveCfg = Debug|Any CPU
		{0FB0E6A6-38EB-4A33-A2E7-D915B50E5610}.Debug|Any CPU.Build.0 = Debug|Any CPU
		{0FB0E6A6-38EB-4A33-A2E7-D915B50E5610}.Release|Any CPU.ActiveCfg = Release|Any CPU
		{0FB0E6A6-38EB-4A33-A2E7-D915B50E5610}.Release|Any CPU.Build.0 = Release|Any CPU
	EndGlobalSection
	GlobalSection(SolutionProperties) = preSolution
		HideSolutionNode = FALSE
	EndGlobalSection
	GlobalSection(NestedProjects) = preSolution
		{F4EC09B2-5F75-407D-AD71-4527BE778A49} = {2B05C482-3783-4E78-B382-561792F5197B}
		{982D60AF-AA0E-4BAF-A541-0BB9F80D385D} = {2B05C482-3783-4E78-B382-561792F5197B}
		{478C66DB-E3AE-4F51-902A-F6FD85B1451C} = {65807C31-348B-4BC0-95E0-7D7F8938A547}
		{C450B6BA-0F4A-4740-A87B-DB0D9A7B7AFE} = {4CE1F226-F1FD-4C62-B936-260E822CF5BA}
		{E41656BF-9C7B-4244-AFCD-933C8F157D8B} = {C450B6BA-0F4A-4740-A87B-DB0D9A7B7AFE}
		{4CE1F226-F1FD-4C62-B936-260E822CF5BA} = {F10433A2-DCDF-476B-98D2-F3D9939EB5A0}
		{FE5437AB-EDC3-4CEB-A337-BF87A5A27A5E} = {478C66DB-E3AE-4F51-902A-F6FD85B1451C}
		{D5C74292-045C-401D-AC97-A04E2B565E57} = {478C66DB-E3AE-4F51-902A-F6FD85B1451C}
		{86F6B3D5-3D6D-4BDC-A45D-CAE58458722C} = {C450B6BA-0F4A-4740-A87B-DB0D9A7B7AFE}
		{E8804758-8C90-4E0A-8ACA-4259482D12C3} = {C450B6BA-0F4A-4740-A87B-DB0D9A7B7AFE}
		{144E8D0F-44C6-48AB-89BF-F1B41CD37F6F} = {E41656BF-9C7B-4244-AFCD-933C8F157D8B}
		{E3345E5C-0E1D-4887-8BF3-B8392FCCB394} = {E41656BF-9C7B-4244-AFCD-933C8F157D8B}
		{B8A9CD3C-B9DB-4A95-BC63-D12A999966A2} = {4CE1F226-F1FD-4C62-B936-260E822CF5BA}
		{0FB0E6A6-38EB-4A33-A2E7-D915B50E5610} = {4CE1F226-F1FD-4C62-B936-260E822CF5BA}
		{9B49852E-D4AE-4BA8-97A5-D8DF37D549CB} = {2B05C482-3783-4E78-B382-561792F5197B}
		{DB9B0C1C-FD43-4974-83BE-7CA822F6B561} = {E3AF39DD-6C0E-4734-9C7A-CB20816F0C7A}
	EndGlobalSection
	GlobalSection(ExtensibilityGlobals) = postSolution
		SolutionGuid = {3D7A10B5-2F3A-4084-B607-852B4FB0500D}
	EndGlobalSection
EndGlobal
